{
  "name": "variable-theming",
  "version": "2.0.1",
  "lockfileVersion": 1,
  "requires": true,
  "dependencies": {
    "@babel/runtime": {
      "version": "7.12.5",
      "resolved": "https://registry.npmjs.org/@babel/runtime/-/runtime-7.12.5.tgz",
      "integrity": "sha512-plcc+hbExy3McchJCEQG3knOsuh3HH+Prx1P6cLIkET/0dLuQDEnrT+s27Axgc9bqfsmNUNHfscgMUdBpC9xfg==",
      "requires": {
        "regenerator-runtime": "^0.13.4"
      }
    },
    "@types/flat": {
      "version": "5.0.1",
      "resolved": "https://registry.npmjs.org/@types/flat/-/flat-5.0.1.tgz",
      "integrity": "sha512-ykRODHi9G9exJdTZvQggsqCUtB7jqiwLHcXCjNMb7zgWx6Lc2bydIUYBG1+It6VXZVFaeROv6HqPjDCAsoPG3w==",
      "dev": true
    },
    "decamelize": {
      "version": "4.0.0",
      "resolved": "https://registry.npmjs.org/decamelize/-/decamelize-4.0.0.tgz",
      "integrity": "sha512-9iE1PgSik9HeIIw2JO94IidnE3eBoQrFJ3w7sFuzSX4DpmZ3v5sZpUiV5Swcf6mQEF+Y0ru8Neo+p+nyh2J+hQ=="
    },
    "flat": {
      "version": "5.0.2",
      "resolved": "https://registry.npmjs.org/flat/-/flat-5.0.2.tgz",
      "integrity": "sha512-b6suED+5/3rTpUBdG1gupIl8MPFCAMA0QXwmljLhvCUKcUvdE4gWky9zpuGCcXHOsz4J9wPGNWq6OKpmIzz3hQ=="
    },
    "polished": {
      "version": "4.0.5",
      "resolved": "https://registry.npmjs.org/polished/-/polished-4.0.5.tgz",
      "integrity": "sha512-BY2+LVtOHQWBQpGN4GPAKpCdsBePOdSdHTpZegRDRCrvGPkRPTx1DEC+vGjIDPhXS7W2qiBxschnwRWTFdMZag==",
      "requires": {
        "@babel/runtime": "^7.12.5"
      }
    },
    "regenerator-runtime": {
      "version": "0.13.7",
      "resolved": "https://registry.npmjs.org/regenerator-runtime/-/regenerator-runtime-0.13.7.tgz",
      "integrity": "sha512-a54FxoJDIr27pgf7IgeQGxmqUNYrcV338lf/6gH456HZ/PhX+5BcwHXG9ajESmwe6WRO0tAzRUrRmNONWgkrew=="
    }
  }
}
