{
  "name": "variable-theming",
  "version": "1.0.3",
  "lockfileVersion": 1,
  "requires": true,
  "dependencies": {
    "@babel/runtime": {
      "version": "7.7.6",
      "resolved": "https://registry.npmjs.org/@babel/runtime/-/runtime-7.7.6.tgz",
      "integrity": "sha512-BWAJxpNVa0QlE5gZdWjSxXtemZyZ9RmrmVozxt3NUXeZhVIJ5ANyqmMc0JDrivBZyxUuQvFxlvH4OWWOogGfUw==",
      "requires": {
        "regenerator-runtime": "^0.13.2"
      }
    },
    "@babel/runtime-corejs2": {
      "version": "7.7.6",
      "resolved": "https://registry.npmjs.org/@babel/runtime-corejs2/-/runtime-corejs2-7.7.6.tgz",
      "integrity": "sha512-QYp/8xdH8iMin3pH5gtT/rUuttVfIcOhWBC3wh9Eh/qs4jEe39+3DpCDLgWXhMQgiCTOH8mrLSvQ0OHOCcox9g==",
      "requires": {
        "core-js": "^2.6.5",
        "regenerator-runtime": "^0.13.2"
      }
    },
    "@types/flat": {
      "version": "0.0.28",
      "resolved": "https://registry.npmjs.org/@types/flat/-/flat-0.0.28.tgz",
      "integrity": "sha1-XHiBSdhabPj/X18ACs3ZEs3qQnQ=",
      "dev": true
    },
    "core-js": {
      "version": "2.6.11",
      "resolved": "https://registry.npmjs.org/core-js/-/core-js-2.6.11.tgz",
      "integrity": "sha512-5wjnpaT/3dV+XB4borEsnAYQchn00XSgTAWKDkEqv+K8KevjbzmofK6hfJ9TZIlpj2N0xQpazy7PiRQiWHqzWg=="
    },
    "decamelize": {
      "version": "3.2.0",
      "resolved": "https://registry.npmjs.org/decamelize/-/decamelize-3.2.0.tgz",
      "integrity": "sha512-4TgkVUsmmu7oCSyGBm5FvfMoACuoh9EOidm7V5/J2X2djAwwt57qb3F2KMP2ITqODTCSwb+YRV+0Zqrv18k/hw==",
      "requires": {
        "xregexp": "^4.2.4"
      }
    },
    "flat": {
      "version": "5.0.0",
      "resolved": "https://registry.npmjs.org/flat/-/flat-5.0.0.tgz",
      "integrity": "sha512-6KSMM+cHHzXC/hpldXApL2S8Uz+QZv+tq5o/L0KQYleoG+GcwrnIJhTWC7tCOiKQp8D/fIvryINU1OZCCwevjA==",
      "requires": {
        "is-buffer": "~2.0.4"
      }
    },
    "is-buffer": {
      "version": "2.0.4",
      "resolved": "https://registry.npmjs.org/is-buffer/-/is-buffer-2.0.4.tgz",
      "integrity": "sha512-Kq1rokWXOPXWuaMAqZiJW4XxsmD9zGx9q4aePabbn3qCRGedtH7Cm+zV8WETitMfu1wdh+Rvd6w5egwSngUX2A=="
    },
    "polished": {
      "version": "3.4.2",
      "resolved": "https://registry.npmjs.org/polished/-/polished-3.4.2.tgz",
      "integrity": "sha512-9Rch6iMZckABr6EFCLPZsxodeBpXMo9H4fRlfR/9VjMEyy5xpo1/WgXlJGgSjPyVhEZNycbW7UmYMNyWS5MI0g==",
      "requires": {
        "@babel/runtime": "^7.6.3"
      }
    },
    "regenerator-runtime": {
      "version": "0.13.3",
      "resolved": "https://registry.npmjs.org/regenerator-runtime/-/regenerator-runtime-0.13.3.tgz",
      "integrity": "sha512-naKIZz2GQ8JWh///G7L3X6LaQUAMp2lvb1rvwwsURe/VXwD6VMfr+/1NuNw3ag8v2kY1aQ/go5SNn79O9JU7yw=="
    },
    "xregexp": {
      "version": "4.2.4",
      "resolved": "https://registry.npmjs.org/xregexp/-/xregexp-4.2.4.tgz",
      "integrity": "sha512-sO0bYdYeJAJBcJA8g7MJJX7UrOZIfJPd8U2SC7B2Dd/J24U0aQNoGp33shCaBSWeb0rD5rh6VBUIXOkGal1TZA==",
      "requires": {
        "@babel/runtime-corejs2": "^7.2.0"
      }
    }
  }
}
